# THIS IS AN AUTOGENERATED FILE. DO NOT EDIT THIS FILE DIRECTLY.
# yarn lockfile v1


"@nraf/core@^1.1.0":
  version "1.1.0"
  resolved "https://registry.yarnpkg.com/@nraf/core/-/core-1.1.0.tgz#b263f648eacabf940f27e2a174360661e2b8397f"
  integrity sha512-wfZuMjc06xUxGjntaH4ElKAgrGfSzwx1or4wVRar2qmq7C8NO3ZacOQCISDCZPOKar7vSeF0wasato7iQKJqcA==
  dependencies:
    "@nraf/nte" "1.1.0"

"@nraf/nte@1.1.0":
  version "1.1.0"
  resolved "https://registry.yarnpkg.com/@nraf/nte/-/nte-1.1.0.tgz#729924599774d637451450343040214c45da6611"
  integrity sha512-j1HPYr992xJEKRkJi6KoJPeExPH4asd9qU8oYaOymPLH6UN4RvkVHlwP5Wlr8SNa3h0w9qDi8TWD7ISTVX9xzA==
